
Microsoft Visual Studio Solution File, Format Version 12.00
# Visual Studio Version 17
VisualStudioVersion = 17.2.32616.157
MinimumVisualStudioVersion = 10.0.40219.1
Project("{FAE04EC0-301F-11D3-BF4B-00C04F79EFBC}") = "Assignment2", "Assignment2\Assignment2.csproj", "{B7A55EAB-7274-430D-A06E-BE14ECB6FBC3}"
EndProject
Global
	GlobalSection(SolutionConfigurationPlatforms) = preSolution
		Debug|Any CPU = Debug|Any CPU
		Release|Any CPU = Release|Any CPU
	EndGlobalSection
	GlobalSection(ProjectConfigurationPlatforms) = postSolution
		{B7A55EAB-7274-430D-A06E-BE14ECB6FBC3}.Debug|Any CPU.ActiveCfg = Debug|Any CPU
		{B7A55EAB-7274-430D-A06E-BE14ECB6FBC3}.Debug|Any CPU.Build.0 = Debug|Any CPU
		{B7A55EAB-7274-430D-A06E-BE14ECB6FBC3}.Release|Any CPU.ActiveCfg = Release|Any CPU
		{B7A55EAB-7274-430D-A06E-BE14ECB6FBC3}.Release|Any CPU.Build.0 = Release|Any CPU
	EndGlobalSection
	GlobalSection(SolutionProperties) = preSolution
		HideSolutionNode = FALSE
	EndGlobalSection
	GlobalSection(ExtensibilityGlobals) = postSolution
		SolutionGuid = {182142FD-0597-4D0F-A6BD-A0BA63693842}
	EndGlobalSection
EndGlobal
